
Microsoft Visual Studio Solution File, Format Version 12.00
# Visual Studio Version 17
VisualStudioVersion = 17.6.33712.159
MinimumVisualStudioVersion = 10.0.40219.1
Project("{9A19103F-16F7-4668-BE54-9A1E7A4F7556}") = "ShapeShifter", "ShapeShifter\ShapeShifter.csproj", "{9C125137-2180-435B-886A-182589610882}"
EndProject
Project("{9A19103F-16F7-4668-BE54-9A1E7A4F7556}") = "TestConsole", "TestConsole\TestConsole.csproj", "{58C88B27-EE41-458E-B2D2-ECA9C6FDF364}"
EndProject
Project("{9A19103F-16F7-4668-BE54-9A1E7A4F7556}") = "ShapeRender", "ShapeRender\ShapeRender.csproj", "{DCF11162-0A3C-46B9-AD6C-83D1245AACCC}"
EndProject
Project("{9A19103F-16F7-4668-BE54-9A1E7A4F7556}") = "ShapeViewer", "ShapeViewer\ShapeViewer.csproj", "{2428C054-7BB6-45D4-B709-3951C00A13B2}"
EndProject
Project("{9A19103F-16F7-4668-BE54-9A1E7A4F7556}") = "DBaseReader", "DBaseReader\DBaseReader.csproj", "{BEAE441F-C222-4C7F-BA7E-37BE74E3F584}"
EndProject
Project("{2150E333-8FDC-42A3-9474-1A3956D46DE8}") = "Solution Items", "Solution Items", "{F38A0175-FC03-4BA8-93AB-33261F5E3644}"
	ProjectSection(SolutionItems) = preProject
		Data\FeatureCodes.json = Data\FeatureCodes.json
	EndProjectSection
EndProject
Global
	GlobalSection(SolutionConfigurationPlatforms) = preSolution
		Debug|Any CPU = Debug|Any CPU
		Release|Any CPU = Release|Any CPU
	EndGlobalSection
	GlobalSection(ProjectConfigurationPlatforms) = postSolution
		{9C125137-2180-435B-886A-182589610882}.Debug|Any CPU.ActiveCfg = Debug|Any CPU
		{9C125137-2180-435B-886A-182589610882}.Debug|Any CPU.Build.0 = Debug|Any CPU
		{9C125137-2180-435B-886A-182589610882}.Release|Any CPU.ActiveCfg = Release|Any CPU
		{9C125137-2180-435B-886A-182589610882}.Release|Any CPU.Build.0 = Release|Any CPU
		{58C88B27-EE41-458E-B2D2-ECA9C6FDF364}.Debug|Any CPU.ActiveCfg = Debug|Any CPU
		{58C88B27-EE41-458E-B2D2-ECA9C6FDF364}.Debug|Any CPU.Build.0 = Debug|Any CPU
		{58C88B27-EE41-458E-B2D2-ECA9C6FDF364}.Release|Any CPU.ActiveCfg = Release|Any CPU
		{58C88B27-EE41-458E-B2D2-ECA9C6FDF364}.Release|Any CPU.Build.0 = Release|Any CPU
		{DCF11162-0A3C-46B9-AD6C-83D1245AACCC}.Debug|Any CPU.ActiveCfg = Debug|Any CPU
		{DCF11162-0A3C-46B9-AD6C-83D1245AACCC}.Debug|Any CPU.Build.0 = Debug|Any CPU
		{DCF11162-0A3C-46B9-AD6C-83D1245AACCC}.Release|Any CPU.ActiveCfg = Release|Any CPU
		{DCF11162-0A3C-46B9-AD6C-83D1245AACCC}.Release|Any CPU.Build.0 = Release|Any CPU
		{2428C054-7BB6-45D4-B709-3951C00A13B2}.Debug|Any CPU.ActiveCfg = Debug|Any CPU
		{2428C054-7BB6-45D4-B709-3951C00A13B2}.Debug|Any CPU.Build.0 = Debug|Any CPU
		{2428C054-7BB6-45D4-B709-3951C00A13B2}.Release|Any CPU.ActiveCfg = Release|Any CPU
		{2428C054-7BB6-45D4-B709-3951C00A13B2}.Release|Any CPU.Build.0 = Release|Any CPU
		{BEAE441F-C222-4C7F-BA7E-37BE74E3F584}.Debug|Any CPU.ActiveCfg = Debug|Any CPU
		{BEAE441F-C222-4C7F-BA7E-37BE74E3F584}.Debug|Any CPU.Build.0 = Debug|Any CPU
		{BEAE441F-C222-4C7F-BA7E-37BE74E3F584}.Release|Any CPU.ActiveCfg = Release|Any CPU
		{BEAE441F-C222-4C7F-BA7E-37BE74E3F584}.Release|Any CPU.Build.0 = Release|Any CPU
	EndGlobalSection
	GlobalSection(SolutionProperties) = preSolution
		HideSolutionNode = FALSE
	EndGlobalSection
	GlobalSection(ExtensibilityGlobals) = postSolution
		SolutionGuid = {2C961BBC-A6BE-4049-BE7C-7AF86ED71DB5}
	EndGlobalSection
EndGlobal
